Microsoft Visual Studio Solution File, Format Version 12.00
# Visual Studio Version 17
VisualStudioVersion = 17.5.2.0
MinimumVisualStudioVersion = 10.0.40219.1
Project("{FAE04EC0-301F-11D3-BF4B-00C04F79EFBC}") = "HelloWorldDotNet", "HelloWorldDotNet.csproj", "{D861BF65-B6AF-9EFA-C240-4DE57DA1EC3F}"
EndProject
Global
	GlobalSection(SolutionConfigurationPlatforms) = preSolution
		Debug|Any CPU = Debug|Any CPU
		Release|Any CPU = Release|Any CPU
	EndGlobalSection
	GlobalSection(ProjectConfigurationPlatforms) = postSolution
		{D861BF65-B6AF-9EFA-C240-4DE57DA1EC3F}.Debug|Any CPU.ActiveCfg = Debug|Any CPU
		{D861BF65-B6AF-9EFA-C240-4DE57DA1EC3F}.Debug|Any CPU.Build.0 = Debug|Any CPU
		{D861BF65-B6AF-9EFA-C240-4DE57DA1EC3F}.Release|Any CPU.ActiveCfg = Release|Any CPU
		{D861BF65-B6AF-9EFA-C240-4DE57DA1EC3F}.Release|Any CPU.Build.0 = Release|Any CPU
	EndGlobalSection
	GlobalSection(SolutionProperties) = preSolution
		HideSolutionNode = FALSE
	EndGlobalSection
	GlobalSection(ExtensibilityGlobals) = postSolution
		SolutionGuid = {441D7A52-49D0-4FC7-A540-BFEBB68DB009}
	EndGlobalSection
EndGlobal
